
Microsoft Visual Studio Solution File, Format Version 12.00
Project("{FAE04EC0-301F-11D3-BF4B-00C04F79EFBC}") = "HangfireToRedis", "HangfireToRedis\HangfireToRedis.csproj", "{149E16DA-29ED-4E2A-88B5-39AED5184349}"
EndProject
Global
	GlobalSection(SolutionConfigurationPlatforms) = preSolution
		Debug|Any CPU = Debug|Any CPU
		Release|Any CPU = Release|Any CPU
	EndGlobalSection
	GlobalSection(ProjectConfigurationPlatforms) = postSolution
		{149E16DA-29ED-4E2A-88B5-39AED5184349}.Debug|Any CPU.ActiveCfg = Debug|Any CPU
		{149E16DA-29ED-4E2A-88B5-39AED5184349}.Debug|Any CPU.Build.0 = Debug|Any CPU
		{149E16DA-29ED-4E2A-88B5-39AED5184349}.Release|Any CPU.ActiveCfg = Release|Any CPU
		{149E16DA-29ED-4E2A-88B5-39AED5184349}.Release|Any CPU.Build.0 = Release|Any CPU
	EndGlobalSection
EndGlobal
